
Microsoft Visual Studio Solution File, Format Version 12.00
# Visual Studio Version 16
VisualStudioVersion = 16.0.31702.278
MinimumVisualStudioVersion = 10.0.40219.1
Project("{FAE04EC0-301F-11D3-BF4B-00C04F79EFBC}") = "AchievementService", "src\AchievementService.csproj", "{DA624877-1AAC-4245-BCC2-1B87A99E438B}"
EndProject
Project("{FAE04EC0-301F-11D3-BF4B-00C04F79EFBC}") = "AchievementTest", "test\AchievementTest.csproj", "{70D2DF89-DE24-4984-A646-D688493D6200}"
EndProject
Global
	GlobalSection(SolutionConfigurationPlatforms) = preSolution
		Debug|Any CPU = Debug|Any CPU
		Release|Any CPU = Release|Any CPU
	EndGlobalSection
	GlobalSection(ProjectConfigurationPlatforms) = postSolution
		{DA624877-1AAC-4245-BCC2-1B87A99E438B}.Debug|Any CPU.ActiveCfg = Debug|Any CPU
		{DA624877-1AAC-4245-BCC2-1B87A99E438B}.Debug|Any CPU.Build.0 = Debug|Any CPU
		{DA624877-1AAC-4245-BCC2-1B87A99E438B}.Release|Any CPU.ActiveCfg = Release|Any CPU
		{DA624877-1AAC-4245-BCC2-1B87A99E438B}.Release|Any CPU.Build.0 = Release|Any CPU
		{70D2DF89-DE24-4984-A646-D688493D6200}.Debug|Any CPU.ActiveCfg = Debug|Any CPU
		{70D2DF89-DE24-4984-A646-D688493D6200}.Debug|Any CPU.Build.0 = Debug|Any CPU
		{70D2DF89-DE24-4984-A646-D688493D6200}.Release|Any CPU.ActiveCfg = Release|Any CPU
		{70D2DF89-DE24-4984-A646-D688493D6200}.Release|Any CPU.Build.0 = Release|Any CPU
	EndGlobalSection
	GlobalSection(SolutionProperties) = preSolution
		HideSolutionNode = FALSE
	EndGlobalSection
	GlobalSection(ExtensibilityGlobals) = postSolution
		SolutionGuid = {5F132E61-27E7-4666-82AB-7536F63FACE9}
	EndGlobalSection
EndGlobal
